
Microsoft Visual Studio Solution File, Format Version 12.00
Project("{FAE04EC0-301F-11D3-BF4B-00C04F79EFBC}") = "KF3.TextHook", "KF3.TextHook\KF3.TextHook.csproj", "{A3A9888A-A8C1-43E7-87AF-A3D6CFE60999}"
EndProject
Project("{FAE04EC0-301F-11D3-BF4B-00C04F79EFBC}") = "KF3.NetDumper", "KF3.NetDumper\KF3.NetDumper.csproj", "{170C2B46-C013-441E-BC8C-D37C25F8B88A}"
EndProject
Project("{FAE04EC0-301F-11D3-BF4B-00C04F79EFBC}") = "KF3.GfxHook", "KF3.GfxHook\KF3.GfxHook.csproj", "{7F52DF50-D896-4AA5-B5C8-3B2EDC6954D6}"
EndProject
Project("{FAE04EC0-301F-11D3-BF4B-00C04F79EFBC}") = "KF3.DmmBypass", "KF3.DmmBypass\KF3.DmmBypass.csproj", "{FC840FC4-DF8D-4B57-B2C8-B02FD80065E6}"
EndProject
Global
	GlobalSection(SolutionConfigurationPlatforms) = preSolution
		Debug|Any CPU = Debug|Any CPU
		Release|Any CPU = Release|Any CPU
	EndGlobalSection
	GlobalSection(ProjectConfigurationPlatforms) = postSolution
		{A3A9888A-A8C1-43E7-87AF-A3D6CFE60999}.Debug|Any CPU.ActiveCfg = Debug|Any CPU
		{A3A9888A-A8C1-43E7-87AF-A3D6CFE60999}.Debug|Any CPU.Build.0 = Debug|Any CPU
		{A3A9888A-A8C1-43E7-87AF-A3D6CFE60999}.Release|Any CPU.ActiveCfg = Release|Any CPU
		{A3A9888A-A8C1-43E7-87AF-A3D6CFE60999}.Release|Any CPU.Build.0 = Release|Any CPU
		{170C2B46-C013-441E-BC8C-D37C25F8B88A}.Debug|Any CPU.ActiveCfg = Debug|Any CPU
		{170C2B46-C013-441E-BC8C-D37C25F8B88A}.Debug|Any CPU.Build.0 = Debug|Any CPU
		{170C2B46-C013-441E-BC8C-D37C25F8B88A}.Release|Any CPU.ActiveCfg = Release|Any CPU
		{170C2B46-C013-441E-BC8C-D37C25F8B88A}.Release|Any CPU.Build.0 = Release|Any CPU
		{7F52DF50-D896-4AA5-B5C8-3B2EDC6954D6}.Debug|Any CPU.ActiveCfg = Debug|Any CPU
		{7F52DF50-D896-4AA5-B5C8-3B2EDC6954D6}.Debug|Any CPU.Build.0 = Debug|Any CPU
		{7F52DF50-D896-4AA5-B5C8-3B2EDC6954D6}.Release|Any CPU.ActiveCfg = Release|Any CPU
		{7F52DF50-D896-4AA5-B5C8-3B2EDC6954D6}.Release|Any CPU.Build.0 = Release|Any CPU
		{FC840FC4-DF8D-4B57-B2C8-B02FD80065E6}.Debug|Any CPU.ActiveCfg = Debug|Any CPU
		{FC840FC4-DF8D-4B57-B2C8-B02FD80065E6}.Debug|Any CPU.Build.0 = Debug|Any CPU
		{FC840FC4-DF8D-4B57-B2C8-B02FD80065E6}.Release|Any CPU.ActiveCfg = Release|Any CPU
		{FC840FC4-DF8D-4B57-B2C8-B02FD80065E6}.Release|Any CPU.Build.0 = Release|Any CPU
	EndGlobalSection
EndGlobal
